
Microsoft Visual Studio Solution File, Format Version 12.00
# Visual Studio Version 16
VisualStudioVersion = 16.0.31005.135
MinimumVisualStudioVersion = 10.0.40219.1
Project("{FAE04EC0-301F-11D3-BF4B-00C04F79EFBC}") = "ONLINEQUIZAPP", "ONLINEQUIZAPP\ONLINEQUIZAPP.csproj", "{B90FDFFF-E8A7-4E08-A83E-F411575748B5}"
EndProject
Global
	GlobalSection(SolutionConfigurationPlatforms) = preSolution
		Debug|Any CPU = Debug|Any CPU
		Release|Any CPU = Release|Any CPU
	EndGlobalSection
	GlobalSection(ProjectConfigurationPlatforms) = postSolution
		{B90FDFFF-E8A7-4E08-A83E-F411575748B5}.Debug|Any CPU.ActiveCfg = Debug|Any CPU
		{B90FDFFF-E8A7-4E08-A83E-F411575748B5}.Debug|Any CPU.Build.0 = Debug|Any CPU
		{B90FDFFF-E8A7-4E08-A83E-F411575748B5}.Release|Any CPU.ActiveCfg = Release|Any CPU
		{B90FDFFF-E8A7-4E08-A83E-F411575748B5}.Release|Any CPU.Build.0 = Release|Any CPU
	EndGlobalSection
	GlobalSection(SolutionProperties) = preSolution
		HideSolutionNode = FALSE
	EndGlobalSection
	GlobalSection(ExtensibilityGlobals) = postSolution
		SolutionGuid = {B61AD73F-D364-4FAC-A4E7-1C472582423B}
	EndGlobalSection
EndGlobal
